<?xml version="1.0" encoding="utf-8"?>
<Project ToolsVersion="4.0" xmlns="http://schemas.microsoft.com/developer/msbuild/2003">
  <ItemGroup>
    <Filter Include="Assets">
      <UniqueIdentifier>{09095d68-bcd7-45c4-b007-5c8ddb5d60a4}</UniqueIdentifier>
    </Filter>
    <Filter Include="Assets\Shaders">
      <UniqueIdentifier>{8b0cb0c9-e0d8-4107-91c8-11654fac88e7}</UniqueIdentifier>
    </Filter>
    <Filter Include="Assets\Shaders\Util">
      <UniqueIdentifier>{87b45108-4083-4b05-a52d-914447b5fc90}</UniqueIdentifier>
    </Filter>
    <Filter Include="Util">
      <UniqueIdentifier>{8df55984-9e70-4fb7-a931-4f7c6c6b6419}</UniqueIdentifier>
    </Filter>
    <Filter Include="Helpers">
      <UniqueIdentifier>{c7a81e5c-0bc4-462a-884e-4054f2582d86}</UniqueIdentifier>
    </Filter>
  </ItemGroup>
  <ItemGroup>
    <ClInclude Include="HlslCompat.h">
      <Filter>Assets\Shaders\Util</Filter>
    </ClInclude>
    <ClInclude Include="RaytracingHlslCompat.h">
      <Filter>Assets\Shaders</Filter>
    </ClInclude>
    <ClInclude Include="VaporPlus.h" />
    <ClInclude Include="GeometryObject.h" />
    <ClInclude Include="ObjLoader.h" />
    <ClInclude Include="stdafx.h" />
    <ClInclude Include="d3dx12.h">
      <Filter>Util</Filter>
    </ClInclude>
    <ClInclude Include="DeviceResources.h">
      <Filter>Util</Filter>
    </ClInclude>
    <ClInclude Include="DXSample.h">
      <Filter>Util</Filter>
    </ClInclude>
    <ClInclude Include="DXSampleHelper.h">
      <Filter>Util</Filter>
    </ClInclude>
    <ClInclude Include="StepTimer.h">
      <Filter>Util</Filter>
    </ClInclude>
    <ClInclude Include="Win32Application.h">
      <Filter>Util</Filter>
    </ClInclude>
    <ClInclude Include="DirectXRaytracingHelper.h">
      <Filter>Helpers</Filter>
    </ClInclude>
    <ClInclude Include="CheckCast.h" />
  </ItemGroup>
  <ItemGroup>
    <ClCompile Include="VaporPlus.cpp" />
    <ClCompile Include="Main.cpp" />
    <ClCompile Include="ObjLoader.cpp" />
    <ClCompile Include="stdafx.cpp" />
    <ClCompile Include="GeometryObject.cpp" />
    <ClCompile Include="DeviceResources.cpp">
      <Filter>Util</Filter>
    </ClCompile>
    <ClCompile Include="DXSample.cpp">
      <Filter>Util</Filter>
    </ClCompile>
    <ClCompile Include="Win32Application.cpp">
      <Filter>Util</Filter>
    </ClCompile>
  </ItemGroup>
  <ItemGroup>
    <CustomBuild Include="Raytracing.hlsl">
      <Filter>Assets\Shaders</Filter>
    </CustomBuild>
    <CustomBuild Include="PostprocessVS.hlsl">
      <Filter>Assets\Shaders</Filter>
    </CustomBuild>
    <CustomBuild Include="PostprocessPS.hlsl">
      <Filter>Assets\Shaders</Filter>
    </CustomBuild>
  </ItemGroup>
</Project>